// !$*UTF8*$!
{
	archiveVersion = 1;
	classes = {
	};
	objectVersion = 45;
	objects = {

/* Begin PBXBuildFile section */
		6BCC1CDA132494F10008B2E7 /* Camera.cpp in Sources */ = {isa = PBXBuildFile; fileRef = 6BCC1C91132494F10008B2E7 /* Camera.cpp */; };
		6BCC1CDB132494F10008B2E7 /* ClusterVBO.cpp in Sources */ = {isa = PBXBuildFile; fileRef = 6BCC1C93132494F10008B2E7 /* ClusterVBO.cpp */; };
		6BCC1CDC132494F10008B2E7 /* CubeMap.cpp in Sources */ = {isa = PBXBuildFile; fileRef = 6BCC1C95132494F10008B2E7 /* CubeMap.cpp */; };
		6BCC1CDD132494F10008B2E7 /* Download.cpp in Sources */ = {isa = PBXBuildFile; fileRef = 6BCC1C97132494F10008B2E7 /* Download.cpp */; };
		6BCC1CDE132494F10008B2E7 /* Engine.cpp in Sources */ = {isa = PBXBuildFile; fileRef = 6BCC1C99132494F10008B2E7 /* Engine.cpp */; };
		6BCC1CDF132494F10008B2E7 /* Exception.cpp in Sources */ = {isa = PBXBuildFile; fileRef = 6BCC1C9B132494F10008B2E7 /* Exception.cpp */; };
		6BCC1CE0132494F10008B2E7 /* Font.cpp in Sources */ = {isa = PBXBuildFile; fileRef = 6BCC1C9D132494F10008B2E7 /* Font.cpp */; };
		6BCC1CE1132494F10008B2E7 /* FragmentShader.cpp in Sources */ = {isa = PBXBuildFile; fileRef = 6BCC1C9F132494F10008B2E7 /* FragmentShader.cpp */; };
		6BCC1CE2132494F10008B2E7 /* Image.cpp in Sources */ = {isa = PBXBuildFile; fileRef = 6BCC1CA2132494F10008B2E7 /* Image.cpp */; };
		6BCC1CE3132494F10008B2E7 /* IndexVBO.cpp in Sources */ = {isa = PBXBuildFile; fileRef = 6BCC1CA4132494F10008B2E7 /* IndexVBO.cpp */; };
		6BCC1CE4132494F10008B2E7 /* LuaMachine.cpp in Sources */ = {isa = PBXBuildFile; fileRef = 6BCC1CA6132494F10008B2E7 /* LuaMachine.cpp */; };
		6BCC1CE5132494F10008B2E7 /* ManagedModule.cpp in Sources */ = {isa = PBXBuildFile; fileRef = 6BCC1CA8132494F10008B2E7 /* ManagedModule.cpp */; };
		6BCC1CE6132494F10008B2E7 /* Module.cpp in Sources */ = {isa = PBXBuildFile; fileRef = 6BCC1CAB132494F10008B2E7 /* Module.cpp */; };
		6BCC1CE7132494F10008B2E7 /* Music.cpp in Sources */ = {isa = PBXBuildFile; fileRef = 6BCC1CAD132494F10008B2E7 /* Music.cpp */; };
		6BCC1CE8132494F10008B2E7 /* Mutex.cpp in Sources */ = {isa = PBXBuildFile; fileRef = 6BCC1CAF132494F10008B2E7 /* Mutex.cpp */; };
		6BCC1CEA132494F10008B2E7 /* PropertyList.cpp in Sources */ = {isa = PBXBuildFile; fileRef = 6BCC1CB5132494F10008B2E7 /* PropertyList.cpp */; };
		6BCC1CEB132494F10008B2E7 /* Shader.cpp in Sources */ = {isa = PBXBuildFile; fileRef = 6BCC1CB8132494F10008B2E7 /* Shader.cpp */; };
		6BCC1CEC132494F10008B2E7 /* Sound.cpp in Sources */ = {isa = PBXBuildFile; fileRef = 6BCC1CBA132494F10008B2E7 /* Sound.cpp */; };
		6BCC1CED132494F10008B2E7 /* StopWatch.cpp in Sources */ = {isa = PBXBuildFile; fileRef = 6BCC1CBC132494F10008B2E7 /* StopWatch.cpp */; };
		6BCC1CEE132494F10008B2E7 /* Texture.cpp in Sources */ = {isa = PBXBuildFile; fileRef = 6BCC1CBE132494F10008B2E7 /* Texture.cpp */; };
		6BCC1CEF132494F10008B2E7 /* Texture2D.cpp in Sources */ = {isa = PBXBuildFile; fileRef = 6BCC1CC0132494F10008B2E7 /* Texture2D.cpp */; };
		6BCC1CF0132494F10008B2E7 /* Thread.cpp in Sources */ = {isa = PBXBuildFile; fileRef = 6BCC1CC2132494F10008B2E7 /* Thread.cpp */; };
		6BCC1CF1132494F10008B2E7 /* Tools.cpp in Sources */ = {isa = PBXBuildFile; fileRef = 6BCC1CC4132494F10008B2E7 /* Tools.cpp */; };
		6BCC1CF2132494F10008B2E7 /* VertexArrayObject.cpp in Sources */ = {isa = PBXBuildFile; fileRef = 6BCC1CC7132494F10008B2E7 /* VertexArrayObject.cpp */; };
		6BCC1CF3132494F10008B2E7 /* VertexBufferObject.cpp in Sources */ = {isa = PBXBuildFile; fileRef = 6BCC1CC9132494F10008B2E7 /* VertexBufferObject.cpp */; };
		6BCC1CF4132494F10008B2E7 /* VertexShader.cpp in Sources */ = {isa = PBXBuildFile; fileRef = 6BCC1CCB132494F10008B2E7 /* VertexShader.cpp */; };
		6BCC1CF5132494F10008B2E7 /* Asteroid.cpp in Sources */ = {isa = PBXBuildFile; fileRef = 6BCC1CCE132494F10008B2E7 /* Asteroid.cpp */; };
		6BCC1CF6132494F10008B2E7 /* Entity.cpp in Sources */ = {isa = PBXBuildFile; fileRef = 6BCC1CD0132494F10008B2E7 /* Entity.cpp */; };
		6BCC1CF7132494F10008B2E7 /* GameModule.cpp in Sources */ = {isa = PBXBuildFile; fileRef = 6BCC1CD2132494F10008B2E7 /* GameModule.cpp */; };
		6BCC1CF8132494F10008B2E7 /* main.cpp in Sources */ = {isa = PBXBuildFile; fileRef = 6BCC1CD4132494F10008B2E7 /* main.cpp */; };
		6BCC1CF9132494F10008B2E7 /* Ship.cpp in Sources */ = {isa = PBXBuildFile; fileRef = 6BCC1CD5132494F10008B2E7 /* Ship.cpp */; };
		6BCC1CFA132494F10008B2E7 /* GLee.c in Sources */ = {isa = PBXBuildFile; fileRef = 6BCC1CD8132494F10008B2E7 /* GLee.c */; };
		6BCC1CFD132495410008B2E7 /* SDLMain.m in Sources */ = {isa = PBXBuildFile; fileRef = 6BCC1CFC132495410008B2E7 /* SDLMain.m */; };
		6BCC1CFF132495930008B2E7 /* Cocoa.framework in Frameworks */ = {isa = PBXBuildFile; fileRef = 6BCC1CFE132495930008B2E7 /* Cocoa.framework */; };
		6BCC1D01132495930008B2E7 /* OpenGL.framework in Frameworks */ = {isa = PBXBuildFile; fileRef = 6BCC1D00132495930008B2E7 /* OpenGL.framework */; };
		6BCC1D03132495930008B2E7 /* SDL_image.framework in Frameworks */ = {isa = PBXBuildFile; fileRef = 6BCC1D02132495930008B2E7 /* SDL_image.framework */; };
		6BCC1D05132495930008B2E7 /* SDL_mixer.framework in Frameworks */ = {isa = PBXBuildFile; fileRef = 6BCC1D04132495930008B2E7 /* SDL_mixer.framework */; };
		6BCC1D09132495930008B2E7 /* SDL_ttf.framework in Frameworks */ = {isa = PBXBuildFile; fileRef = 6BCC1D08132495930008B2E7 /* SDL_ttf.framework */; };
		6BCC1D0B132495930008B2E7 /* SDL.framework in Frameworks */ = {isa = PBXBuildFile; fileRef = 6BCC1D0A132495930008B2E7 /* SDL.framework */; };
		6BCC1D0D132495940008B2E7 /* libcurl.dylib in Frameworks */ = {isa = PBXBuildFile; fileRef = 6BCC1D0C132495940008B2E7 /* libcurl.dylib */; };
		6BE48D6C1325CA71006199E2 /* SDL_net.framework in Frameworks */ = {isa = PBXBuildFile; fileRef = 6BE48D6B1325CA71006199E2 /* SDL_net.framework */; };
		6BE48D741325CAF5006199E2 /* NetworkStream.cpp in Sources */ = {isa = PBXBuildFile; fileRef = 6BE48D721325CAF5006199E2 /* NetworkStream.cpp */; };
		8DD76F6A0486A84900D96B5E /* Nullocity.1 in CopyFiles */ = {isa = PBXBuildFile; fileRef = C6859E8B029090EE04C91782 /* Nullocity.1 */; };
/* End PBXBuildFile section */

/* Begin PBXCopyFilesBuildPhase section */
		8DD76F690486A84900D96B5E /* CopyFiles */ = {
			isa = PBXCopyFilesBuildPhase;
			buildActionMask = 8;
			dstPath = /usr/share/man/man1/;
			dstSubfolderSpec = 0;
			files = (
				8DD76F6A0486A84900D96B5E /* Nullocity.1 in CopyFiles */,
			);
			runOnlyForDeploymentPostprocessing = 1;
		};
/* End PBXCopyFilesBuildPhase section */

/* Begin PBXFileReference section */
		6BCC1C91132494F10008B2E7 /* Camera.cpp */ = {isa = PBXFileReference; fileEncoding = 4; lastKnownFileType = sourcecode.cpp.cpp; path = Camera.cpp; sourceTree = "<group>"; };
		6BCC1C92132494F10008B2E7 /* Camera.h */ = {isa = PBXFileReference; fileEncoding = 4; lastKnownFileType = sourcecode.c.h; path = Camera.h; sourceTree = "<group>"; };
		6BCC1C93132494F10008B2E7 /* ClusterVBO.cpp */ = {isa = PBXFileReference; fileEncoding = 4; lastKnownFileType = sourcecode.cpp.cpp; path = ClusterVBO.cpp; sourceTree = "<group>"; };
		6BCC1C94132494F10008B2E7 /* ClusterVBO.h */ = {isa = PBXFileReference; fileEncoding = 4; lastKnownFileType = sourcecode.c.h; path = ClusterVBO.h; sourceTree = "<group>"; };
		6BCC1C95132494F10008B2E7 /* CubeMap.cpp */ = {isa = PBXFileReference; fileEncoding = 4; lastKnownFileType = sourcecode.cpp.cpp; path = CubeMap.cpp; sourceTree = "<group>"; };
		6BCC1C96132494F10008B2E7 /* CubeMap.h */ = {isa = PBXFileReference; fileEncoding = 4; lastKnownFileType = sourcecode.c.h; path = CubeMap.h; sourceTree = "<group>"; };
		6BCC1C97132494F10008B2E7 /* Download.cpp */ = {isa = PBXFileReference; fileEncoding = 4; lastKnownFileType = sourcecode.cpp.cpp; path = Download.cpp; sourceTree = "<group>"; };
		6BCC1C98132494F10008B2E7 /* Download.h */ = {isa = PBXFileReference; fileEncoding = 4; lastKnownFileType = sourcecode.c.h; path = Download.h; sourceTree = "<group>"; };
		6BCC1C99132494F10008B2E7 /* Engine.cpp */ = {isa = PBXFileReference; fileEncoding = 4; lastKnownFileType = sourcecode.cpp.cpp; path = Engine.cpp; sourceTree = "<group>"; };
		6BCC1C9A132494F10008B2E7 /* Engine.h */ = {isa = PBXFileReference; fileEncoding = 4; lastKnownFileType = sourcecode.c.h; path = Engine.h; sourceTree = "<group>"; };
		6BCC1C9B132494F10008B2E7 /* Exception.cpp */ = {isa = PBXFileReference; fileEncoding = 4; lastKnownFileType = sourcecode.cpp.cpp; path = Exception.cpp; sourceTree = "<group>"; };
		6BCC1C9C132494F10008B2E7 /* Exception.h */ = {isa = PBXFileReference; fileEncoding = 4; lastKnownFileType = sourcecode.c.h; path = Exception.h; sourceTree = "<group>"; };
		6BCC1C9D132494F10008B2E7 /* Font.cpp */ = {isa = PBXFileReference; fileEncoding = 4; lastKnownFileType = sourcecode.cpp.cpp; path = Font.cpp; sourceTree = "<group>"; };
		6BCC1C9E132494F10008B2E7 /* Font.h */ = {isa = PBXFileReference; fileEncoding = 4; lastKnownFileType = sourcecode.c.h; path = Font.h; sourceTree = "<group>"; };
		6BCC1C9F132494F10008B2E7 /* FragmentShader.cpp */ = {isa = PBXFileReference; fileEncoding = 4; lastKnownFileType = sourcecode.cpp.cpp; path = FragmentShader.cpp; sourceTree = "<group>"; };
		6BCC1CA0132494F10008B2E7 /* FragmentShader.h */ = {isa = PBXFileReference; fileEncoding = 4; lastKnownFileType = sourcecode.c.h; path = FragmentShader.h; sourceTree = "<group>"; };
		6BCC1CA1132494F10008B2E7 /* Graphics.h */ = {isa = PBXFileReference; fileEncoding = 4; lastKnownFileType = sourcecode.c.h; path = Graphics.h; sourceTree = "<group>"; };
		6BCC1CA2132494F10008B2E7 /* Image.cpp */ = {isa = PBXFileReference; fileEncoding = 4; lastKnownFileType = sourcecode.cpp.cpp; path = Image.cpp; sourceTree = "<group>"; };
		6BCC1CA3132494F10008B2E7 /* Image.h */ = {isa = PBXFileReference; fileEncoding = 4; lastKnownFileType = sourcecode.c.h; path = Image.h; sourceTree = "<group>"; };
		6BCC1CA4132494F10008B2E7 /* IndexVBO.cpp */ = {isa = PBXFileReference; fileEncoding = 4; lastKnownFileType = sourcecode.cpp.cpp; path = IndexVBO.cpp; sourceTree = "<group>"; };
		6BCC1CA5132494F10008B2E7 /* IndexVBO.h */ = {isa = PBXFileReference; fileEncoding = 4; lastKnownFileType = sourcecode.c.h; path = IndexVBO.h; sourceTree = "<group>"; };
		6BCC1CA6132494F10008B2E7 /* LuaMachine.cpp */ = {isa = PBXFileReference; fileEncoding = 4; lastKnownFileType = sourcecode.cpp.cpp; path = LuaMachine.cpp; sourceTree = "<group>"; };
		6BCC1CA7132494F10008B2E7 /* LuaMachine.h */ = {isa = PBXFileReference; fileEncoding = 4; lastKnownFileType = sourcecode.c.h; path = LuaMachine.h; sourceTree = "<group>"; };
		6BCC1CA8132494F10008B2E7 /* ManagedModule.cpp */ = {isa = PBXFileReference; fileEncoding = 4; lastKnownFileType = sourcecode.cpp.cpp; path = ManagedModule.cpp; sourceTree = "<group>"; };
		6BCC1CA9132494F10008B2E7 /* ManagedModule.h */ = {isa = PBXFileReference; fileEncoding = 4; lastKnownFileType = sourcecode.c.h; path = ManagedModule.h; sourceTree = "<group>"; };
		6BCC1CAA132494F10008B2E7 /* Matrix4x4.h */ = {isa = PBXFileReference; fileEncoding = 4; lastKnownFileType = sourcecode.c.h; path = Matrix4x4.h; sourceTree = "<group>"; };
		6BCC1CAB132494F10008B2E7 /* Module.cpp */ = {isa = PBXFileReference; fileEncoding = 4; lastKnownFileType = sourcecode.cpp.cpp; path = Module.cpp; sourceTree = "<group>"; };
		6BCC1CAC132494F10008B2E7 /* Module.h */ = {isa = PBXFileReference; fileEncoding = 4; lastKnownFileType = sourcecode.c.h; path = Module.h; sourceTree = "<group>"; };
		6BCC1CAD132494F10008B2E7 /* Music.cpp */ = {isa = PBXFileReference; fileEncoding = 4; lastKnownFileType = sourcecode.cpp.cpp; path = Music.cpp; sourceTree = "<group>"; };
		6BCC1CAE132494F10008B2E7 /* Music.h */ = {isa = PBXFileReference; fileEncoding = 4; lastKnownFileType = sourcecode.c.h; path = Music.h; sourceTree = "<group>"; };
		6BCC1CAF132494F10008B2E7 /* Mutex.cpp */ = {isa = PBXFileReference; fileEncoding = 4; lastKnownFileType = sourcecode.cpp.cpp; path = Mutex.cpp; sourceTree = "<group>"; };
		6BCC1CB0132494F10008B2E7 /* Mutex.h */ = {isa = PBXFileReference; fileEncoding = 4; lastKnownFileType = sourcecode.c.h; path = Mutex.h; sourceTree = "<group>"; };
		6BCC1CB3132494F10008B2E7 /* Platforms.h */ = {isa = PBXFileReference; fileEncoding = 4; lastKnownFileType = sourcecode.c.h; path = Platforms.h; sourceTree = "<group>"; };
		6BCC1CB4132494F10008B2E7 /* Program.h */ = {isa = PBXFileReference; fileEncoding = 4; lastKnownFileType = sourcecode.c.h; path = Program.h; sourceTree = "<group>"; };
		6BCC1CB5132494F10008B2E7 /* PropertyList.cpp */ = {isa = PBXFileReference; fileEncoding = 4; lastKnownFileType = sourcecode.cpp.cpp; path = PropertyList.cpp; sourceTree = "<group>"; };
		6BCC1CB6132494F10008B2E7 /* PropertyList.h */ = {isa = PBXFileReference; fileEncoding = 4; lastKnownFileType = sourcecode.c.h; path = PropertyList.h; sourceTree = "<group>"; };
		6BCC1CB7132494F10008B2E7 /* ResourceManager.h */ = {isa = PBXFileReference; fileEncoding = 4; lastKnownFileType = sourcecode.c.h; path = ResourceManager.h; sourceTree = "<group>"; };
		6BCC1CB8132494F10008B2E7 /* Shader.cpp */ = {isa = PBXFileReference; fileEncoding = 4; lastKnownFileType = sourcecode.cpp.cpp; path = Shader.cpp; sourceTree = "<group>"; };
		6BCC1CB9132494F10008B2E7 /* Shader.h */ = {isa = PBXFileReference; fileEncoding = 4; lastKnownFileType = sourcecode.c.h; path = Shader.h; sourceTree = "<group>"; };
		6BCC1CBA132494F10008B2E7 /* Sound.cpp */ = {isa = PBXFileReference; fileEncoding = 4; lastKnownFileType = sourcecode.cpp.cpp; path = Sound.cpp; sourceTree = "<group>"; };
		6BCC1CBB132494F10008B2E7 /* Sound.h */ = {isa = PBXFileReference; fileEncoding = 4; lastKnownFileType = sourcecode.c.h; path = Sound.h; sourceTree = "<group>"; };
		6BCC1CBC132494F10008B2E7 /* StopWatch.cpp */ = {isa = PBXFileReference; fileEncoding = 4; lastKnownFileType = sourcecode.cpp.cpp; path = StopWatch.cpp; sourceTree = "<group>"; };
		6BCC1CBD132494F10008B2E7 /* StopWatch.h */ = {isa = PBXFileReference; fileEncoding = 4; lastKnownFileType = sourcecode.c.h; path = StopWatch.h; sourceTree = "<group>"; };
		6BCC1CBE132494F10008B2E7 /* Texture.cpp */ = {isa = PBXFileReference; fileEncoding = 4; lastKnownFileType = sourcecode.cpp.cpp; path = Texture.cpp; sourceTree = "<group>"; };
		6BCC1CBF132494F10008B2E7 /* Texture.h */ = {isa = PBXFileReference; fileEncoding = 4; lastKnownFileType = sourcecode.c.h; path = Texture.h; sourceTree = "<group>"; };
		6BCC1CC0132494F10008B2E7 /* Texture2D.cpp */ = {isa = PBXFileReference; fileEncoding = 4; lastKnownFileType = sourcecode.cpp.cpp; path = Texture2D.cpp; sourceTree = "<group>"; };
		6BCC1CC1132494F10008B2E7 /* Texture2D.h */ = {isa = PBXFileReference; fileEncoding = 4; lastKnownFileType = sourcecode.c.h; path = Texture2D.h; sourceTree = "<group>"; };
		6BCC1CC2132494F10008B2E7 /* Thread.cpp */ = {isa = PBXFileReference; fileEncoding = 4; lastKnownFileType = sourcecode.cpp.cpp; path = Thread.cpp; sourceTree = "<group>"; };
		6BCC1CC3132494F10008B2E7 /* Thread.h */ = {isa = PBXFileReference; fileEncoding = 4; lastKnownFileType = sourcecode.c.h; path = Thread.h; sourceTree = "<group>"; };
		6BCC1CC4132494F10008B2E7 /* Tools.cpp */ = {isa = PBXFileReference; fileEncoding = 4; lastKnownFileType = sourcecode.cpp.cpp; path = Tools.cpp; sourceTree = "<group>"; };
		6BCC1CC5132494F10008B2E7 /* Tools.h */ = {isa = PBXFileReference; fileEncoding = 4; lastKnownFileType = sourcecode.c.h; path = Tools.h; sourceTree = "<group>"; };
		6BCC1CC6132494F10008B2E7 /* Vectors.h */ = {isa = PBXFileReference; fileEncoding = 4; lastKnownFileType = sourcecode.c.h; path = Vectors.h; sourceTree = "<group>"; };
		6BCC1CC7132494F10008B2E7 /* VertexArrayObject.cpp */ = {isa = PBXFileReference; fileEncoding = 4; lastKnownFileType = sourcecode.cpp.cpp; path = VertexArrayObject.cpp; sourceTree = "<group>"; };
		6BCC1CC8132494F10008B2E7 /* VertexArrayObject.h */ = {isa = PBXFileReference; fileEncoding = 4; lastKnownFileType = sourcecode.c.h; path = VertexArrayObject.h; sourceTree = "<group>"; };
		6BCC1CC9132494F10008B2E7 /* VertexBufferObject.cpp */ = {isa = PBXFileReference; fileEncoding = 4; lastKnownFileType = sourcecode.cpp.cpp; path = VertexBufferObject.cpp; sourceTree = "<group>"; };
		6BCC1CCA132494F10008B2E7 /* VertexBufferObject.h */ = {isa = PBXFileReference; fileEncoding = 4; lastKnownFileType = sourcecode.c.h; path = VertexBufferObject.h; sourceTree = "<group>"; };
		6BCC1CCB132494F10008B2E7 /* VertexShader.cpp */ = {isa = PBXFileReference; fileEncoding = 4; lastKnownFileType = sourcecode.cpp.cpp; path = VertexShader.cpp; sourceTree = "<group>"; };
		6BCC1CCC132494F10008B2E7 /* VertexShader.h */ = {isa = PBXFileReference; fileEncoding = 4; lastKnownFileType = sourcecode.c.h; path = VertexShader.h; sourceTree = "<group>"; };
		6BCC1CCE132494F10008B2E7 /* Asteroid.cpp */ = {isa = PBXFileReference; fileEncoding = 4; lastKnownFileType = sourcecode.cpp.cpp; path = Asteroid.cpp; sourceTree = "<group>"; };
		6BCC1CCF132494F10008B2E7 /* Asteroid.h */ = {isa = PBXFileReference; fileEncoding = 4; lastKnownFileType = sourcecode.c.h; path = Asteroid.h; sourceTree = "<group>"; };
		6BCC1CD0132494F10008B2E7 /* Entity.cpp */ = {isa = PBXFileReference; fileEncoding = 4; lastKnownFileType = sourcecode.cpp.cpp; path = Entity.cpp; sourceTree = "<group>"; };
		6BCC1CD1132494F10008B2E7 /* Entity.h */ = {isa = PBXFileReference; fileEncoding = 4; lastKnownFileType = sourcecode.c.h; path = Entity.h; sourceTree = "<group>"; };
		6BCC1CD2132494F10008B2E7 /* GameModule.cpp */ = {isa = PBXFileReference; fileEncoding = 4; lastKnownFileType = sourcecode.cpp.cpp; path = GameModule.cpp; sourceTree = "<group>"; };
		6BCC1CD3132494F10008B2E7 /* GameModule.h */ = {isa = PBXFileReference; fileEncoding = 4; lastKnownFileType = sourcecode.c.h; path = GameModule.h; sourceTree = "<group>"; };
		6BCC1CD4132494F10008B2E7 /* main.cpp */ = {isa = PBXFileReference; fileEncoding = 4; lastKnownFileType = sourcecode.cpp.cpp; path = main.cpp; sourceTree = "<group>"; };
		6BCC1CD5132494F10008B2E7 /* Ship.cpp */ = {isa = PBXFileReference; fileEncoding = 4; lastKnownFileType = sourcecode.cpp.cpp; path = Ship.cpp; sourceTree = "<group>"; };
		6BCC1CD6132494F10008B2E7 /* Ship.h */ = {isa = PBXFileReference; fileEncoding = 4; lastKnownFileType = sourcecode.c.h; path = Ship.h; sourceTree = "<group>"; };
		6BCC1CD8132494F10008B2E7 /* GLee.c */ = {isa = PBXFileReference; fileEncoding = 4; lastKnownFileType = sourcecode.c.c; path = GLee.c; sourceTree = "<group>"; };
		6BCC1CD9132494F10008B2E7 /* GLee.h */ = {isa = PBXFileReference; fileEncoding = 4; lastKnownFileType = sourcecode.c.h; path = GLee.h; sourceTree = "<group>"; };
		6BCC1CFB132495410008B2E7 /* SDLMain.h */ = {isa = PBXFileReference; fileEncoding = 4; lastKnownFileType = sourcecode.c.h; path = SDLMain.h; sourceTree = "<group>"; };
		6BCC1CFC132495410008B2E7 /* SDLMain.m */ = {isa = PBXFileReference; fileEncoding = 4; lastKnownFileType = sourcecode.c.objc; path = SDLMain.m; sourceTree = "<group>"; };
		6BCC1CFE132495930008B2E7 /* Cocoa.framework */ = {isa = PBXFileReference; lastKnownFileType = wrapper.framework; name = Cocoa.framework; path = System/Library/Frameworks/Cocoa.framework; sourceTree = SDKROOT; };
		6BCC1D00132495930008B2E7 /* OpenGL.framework */ = {isa = PBXFileReference; lastKnownFileType = wrapper.framework; name = OpenGL.framework; path = System/Library/Frameworks/OpenGL.framework; sourceTree = SDKROOT; };
		6BCC1D02132495930008B2E7 /* SDL_image.framework */ = {isa = PBXFileReference; lastKnownFileType = wrapper.framework; name = SDL_image.framework; path = Library/Frameworks/SDL_image.framework; sourceTree = SDKROOT; };
		6BCC1D04132495930008B2E7 /* SDL_mixer.framework */ = {isa = PBXFileReference; lastKnownFileType = wrapper.framework; name = SDL_mixer.framework; path = Library/Frameworks/SDL_mixer.framework; sourceTree = SDKROOT; };
		6BCC1D08132495930008B2E7 /* SDL_ttf.framework */ = {isa = PBXFileReference; lastKnownFileType = wrapper.framework; name = SDL_ttf.framework; path = Library/Frameworks/SDL_ttf.framework; sourceTree = SDKROOT; };
		6BCC1D0A132495930008B2E7 /* SDL.framework */ = {isa = PBXFileReference; lastKnownFileType = wrapper.framework; name = SDL.framework; path = Library/Frameworks/SDL.framework; sourceTree = SDKROOT; };
		6BCC1D0C132495940008B2E7 /* libcurl.dylib */ = {isa = PBXFileReference; lastKnownFileType = "compiled.mach-o.dylib"; name = libcurl.dylib; path = usr/lib/libcurl.dylib; sourceTree = SDKROOT; };
		6BE48D6B1325CA71006199E2 /* SDL_net.framework */ = {isa = PBXFileReference; lastKnownFileType = wrapper.framework; name = SDL_net.framework; path = Library/Frameworks/SDL_net.framework; sourceTree = SDKROOT; };
		6BE48D721325CAF5006199E2 /* NetworkStream.cpp */ = {isa = PBXFileReference; fileEncoding = 4; lastKnownFileType = sourcecode.cpp.cpp; path = NetworkStream.cpp; sourceTree = "<group>"; };
		6BE48D731325CAF5006199E2 /* NetworkStream.h */ = {isa = PBXFileReference; fileEncoding = 4; lastKnownFileType = sourcecode.c.h; path = NetworkStream.h; sourceTree = "<group>"; };
		8DD76F6C0486A84900D96B5E /* Nullocity */ = {isa = PBXFileReference; explicitFileType = "compiled.mach-o.executable"; includeInIndex = 0; path = Nullocity; sourceTree = BUILT_PRODUCTS_DIR; };
		C6859E8B029090EE04C91782 /* Nullocity.1 */ = {isa = PBXFileReference; lastKnownFileType = text.man; path = Nullocity.1; sourceTree = "<group>"; };
/* End PBXFileReference section */

/* Begin PBXFrameworksBuildPhase section */
		8DD76F660486A84900D96B5E /* Frameworks */ = {
			isa = PBXFrameworksBuildPhase;
			buildActionMask = 2147483647;
			files = (
				6BCC1CFF132495930008B2E7 /* Cocoa.framework in Frameworks */,
				6BCC1D01132495930008B2E7 /* OpenGL.framework in Frameworks */,
				6BCC1D03132495930008B2E7 /* SDL_image.framework in Frameworks */,
				6BCC1D05132495930008B2E7 /* SDL_mixer.framework in Frameworks */,
				6BCC1D09132495930008B2E7 /* SDL_ttf.framework in Frameworks */,
				6BCC1D0B132495930008B2E7 /* SDL.framework in Frameworks */,
				6BCC1D0D132495940008B2E7 /* libcurl.dylib in Frameworks */,
				6BE48D6C1325CA71006199E2 /* SDL_net.framework in Frameworks */,
			);
			runOnlyForDeploymentPostprocessing = 0;
		};
/* End PBXFrameworksBuildPhase section */

/* Begin PBXGroup section */
		08FB7794FE84155DC02AAC07 /* Nullocity */ = {
			isa = PBXGroup;
			children = (
				6BCC1CFB132495410008B2E7 /* SDLMain.h */,
				6BCC1CFC132495410008B2E7 /* SDLMain.m */,
				6BCC1C8F132494F10008B2E7 /* source */,
				C6859E8C029090F304C91782 /* Documentation */,
				1AB674ADFE9D54B511CA2CBB /* Products */,
				6BCC1CFE132495930008B2E7 /* Cocoa.framework */,
				6BCC1D00132495930008B2E7 /* OpenGL.framework */,
				6BCC1D02132495930008B2E7 /* SDL_image.framework */,
				6BCC1D04132495930008B2E7 /* SDL_mixer.framework */,
				6BCC1D08132495930008B2E7 /* SDL_ttf.framework */,
				6BCC1D0A132495930008B2E7 /* SDL.framework */,
				6BCC1D0C132495940008B2E7 /* libcurl.dylib */,
				6BE48D6B1325CA71006199E2 /* SDL_net.framework */,
			);
			name = Nullocity;
			sourceTree = "<group>";
		};
		1AB674ADFE9D54B511CA2CBB /* Products */ = {
			isa = PBXGroup;
			children = (
				8DD76F6C0486A84900D96B5E /* Nullocity */,
			);
			name = Products;
			sourceTree = "<group>";
		};
		6BCC1C8F132494F10008B2E7 /* source */ = {
			isa = PBXGroup;
			children = (
				6BCC1C90132494F10008B2E7 /* CGE */,
				6BCC1CCD132494F10008B2E7 /* game */,
				6BCC1CD7132494F10008B2E7 /* GLee */,
			);
			name = source;
			path = ../../source;
			sourceTree = SOURCE_ROOT;
		};
		6BCC1C90132494F10008B2E7 /* CGE */ = {
			isa = PBXGroup;
			children = (
				6BE48D721325CAF5006199E2 /* NetworkStream.cpp */,
				6BE48D731325CAF5006199E2 /* NetworkStream.h */,
				6BCC1C91132494F10008B2E7 /* Camera.cpp */,
				6BCC1C92132494F10008B2E7 /* Camera.h */,
				6BCC1C93132494F10008B2E7 /* ClusterVBO.cpp */,
				6BCC1C94132494F10008B2E7 /* ClusterVBO.h */,
				6BCC1C95132494F10008B2E7 /* CubeMap.cpp */,
				6BCC1C96132494F10008B2E7 /* CubeMap.h */,
				6BCC1C97132494F10008B2E7 /* Download.cpp */,
				6BCC1C98132494F10008B2E7 /* Download.h */,
				6BCC1C99132494F10008B2E7 /* Engine.cpp */,
				6BCC1C9A132494F10008B2E7 /* Engine.h */,
				6BCC1C9B132494F10008B2E7 /* Exception.cpp */,
				6BCC1C9C132494F10008B2E7 /* Exception.h */,
				6BCC1C9D132494F10008B2E7 /* Font.cpp */,
				6BCC1C9E132494F10008B2E7 /* Font.h */,
				6BCC1C9F132494F10008B2E7 /* FragmentShader.cpp */,
				6BCC1CA0132494F10008B2E7 /* FragmentShader.h */,
				6BCC1CA1132494F10008B2E7 /* Graphics.h */,
				6BCC1CA2132494F10008B2E7 /* Image.cpp */,
				6BCC1CA3132494F10008B2E7 /* Image.h */,
				6BCC1CA4132494F10008B2E7 /* IndexVBO.cpp */,
				6BCC1CA5132494F10008B2E7 /* IndexVBO.h */,
				6BCC1CA6132494F10008B2E7 /* LuaMachine.cpp */,
				6BCC1CA7132494F10008B2E7 /* LuaMachine.h */,
				6BCC1CA8132494F10008B2E7 /* ManagedModule.cpp */,
				6BCC1CA9132494F10008B2E7 /* ManagedModule.h */,
				6BCC1CAA132494F10008B2E7 /* Matrix4x4.h */,
				6BCC1CAB132494F10008B2E7 /* Module.cpp */,
				6BCC1CAC132494F10008B2E7 /* Module.h */,
				6BCC1CAD132494F10008B2E7 /* Music.cpp */,
				6BCC1CAE132494F10008B2E7 /* Music.h */,
				6BCC1CAF132494F10008B2E7 /* Mutex.cpp */,
				6BCC1CB0132494F10008B2E7 /* Mutex.h */,
				6BCC1CB3132494F10008B2E7 /* Platforms.h */,
				6BCC1CB4132494F10008B2E7 /* Program.h */,
				6BCC1CB5132494F10008B2E7 /* PropertyList.cpp */,
				6BCC1CB6132494F10008B2E7 /* PropertyList.h */,
				6BCC1CB7132494F10008B2E7 /* ResourceManager.h */,
				6BCC1CB8132494F10008B2E7 /* Shader.cpp */,
				6BCC1CB9132494F10008B2E7 /* Shader.h */,
				6BCC1CBA132494F10008B2E7 /* Sound.cpp */,
				6BCC1CBB132494F10008B2E7 /* Sound.h */,
				6BCC1CBC132494F10008B2E7 /* StopWatch.cpp */,
				6BCC1CBD132494F10008B2E7 /* StopWatch.h */,
				6BCC1CBE132494F10008B2E7 /* Texture.cpp */,
				6BCC1CBF132494F10008B2E7 /* Texture.h */,
				6BCC1CC0132494F10008B2E7 /* Texture2D.cpp */,
				6BCC1CC1132494F10008B2E7 /* Texture2D.h */,
				6BCC1CC2132494F10008B2E7 /* Thread.cpp */,
				6BCC1CC3132494F10008B2E7 /* Thread.h */,
				6BCC1CC4132494F10008B2E7 /* Tools.cpp */,
				6BCC1CC5132494F10008B2E7 /* Tools.h */,
				6BCC1CC6132494F10008B2E7 /* Vectors.h */,
				6BCC1CC7132494F10008B2E7 /* VertexArrayObject.cpp */,
				6BCC1CC8132494F10008B2E7 /* VertexArrayObject.h */,
				6BCC1CC9132494F10008B2E7 /* VertexBufferObject.cpp */,
				6BCC1CCA132494F10008B2E7 /* VertexBufferObject.h */,
				6BCC1CCB132494F10008B2E7 /* VertexShader.cpp */,
				6BCC1CCC132494F10008B2E7 /* VertexShader.h */,
			);
			path = CGE;
			sourceTree = "<group>";
		};
		6BCC1CCD132494F10008B2E7 /* game */ = {
			isa = PBXGroup;
			children = (
				6BCC1CCE132494F10008B2E7 /* Asteroid.cpp */,
				6BCC1CCF132494F10008B2E7 /* Asteroid.h */,
				6BCC1CD0132494F10008B2E7 /* Entity.cpp */,
				6BCC1CD1132494F10008B2E7 /* Entity.h */,
				6BCC1CD2132494F10008B2E7 /* GameModule.cpp */,
				6BCC1CD3132494F10008B2E7 /* GameModule.h */,
				6BCC1CD4132494F10008B2E7 /* main.cpp */,
				6BCC1CD5132494F10008B2E7 /* Ship.cpp */,
				6BCC1CD6132494F10008B2E7 /* Ship.h */,
			);
			path = game;
			sourceTree = "<group>";
		};
		6BCC1CD7132494F10008B2E7 /* GLee */ = {
			isa = PBXGroup;
			children = (
				6BCC1CD8132494F10008B2E7 /* GLee.c */,
				6BCC1CD9132494F10008B2E7 /* GLee.h */,
			);
			path = GLee;
			sourceTree = "<group>";
		};
		C6859E8C029090F304C91782 /* Documentation */ = {
			isa = PBXGroup;
			children = (
				C6859E8B029090EE04C91782 /* Nullocity.1 */,
			);
			name = Documentation;
			sourceTree = "<group>";
		};
/* End PBXGroup section */

/* Begin PBXNativeTarget section */
		8DD76F620486A84900D96B5E /* Nullocity */ = {
			isa = PBXNativeTarget;
			buildConfigurationList = 1DEB923108733DC60010E9CD /* Build configuration list for PBXNativeTarget "Nullocity" */;
			buildPhases = (
				8DD76F640486A84900D96B5E /* Sources */,
				8DD76F660486A84900D96B5E /* Frameworks */,
				8DD76F690486A84900D96B5E /* CopyFiles */,
			);
			buildRules = (
			);
			dependencies = (
			);
			name = Nullocity;
			productInstallPath = "$(HOME)/bin";
			productName = Nullocity;
			productReference = 8DD76F6C0486A84900D96B5E /* Nullocity */;
			productType = "com.apple.product-type.tool";
		};
/* End PBXNativeTarget section */

/* Begin PBXProject section */
		08FB7793FE84155DC02AAC07 /* Project object */ = {
			isa = PBXProject;
			buildConfigurationList = 1DEB923508733DC60010E9CD /* Build configuration list for PBXProject "Nullocity" */;
			compatibilityVersion = "Xcode 3.1";
			developmentRegion = English;
			hasScannedForEncodings = 1;
			knownRegions = (
				English,
				Japanese,
				French,
				German,
			);
			mainGroup = 08FB7794FE84155DC02AAC07 /* Nullocity */;
			projectDirPath = "";
			projectRoot = "";
			targets = (
				8DD76F620486A84900D96B5E /* Nullocity */,
			);
		};
/* End PBXProject section */

/* Begin PBXSourcesBuildPhase section */
		8DD76F640486A84900D96B5E /* Sources */ = {
			isa = PBXSourcesBuildPhase;
			buildActionMask = 2147483647;
			files = (
				6BCC1CDA132494F10008B2E7 /* Camera.cpp in Sources */,
				6BCC1CDB132494F10008B2E7 /* ClusterVBO.cpp in Sources */,
				6BCC1CDC132494F10008B2E7 /* CubeMap.cpp in Sources */,
				6BCC1CDD132494F10008B2E7 /* Download.cpp in Sources */,
				6BCC1CDE132494F10008B2E7 /* Engine.cpp in Sources */,
				6BCC1CDF132494F10008B2E7 /* Exception.cpp in Sources */,
				6BCC1CE0132494F10008B2E7 /* Font.cpp in Sources */,
				6BCC1CE1132494F10008B2E7 /* FragmentShader.cpp in Sources */,
				6BCC1CE2132494F10008B2E7 /* Image.cpp in Sources */,
				6BCC1CE3132494F10008B2E7 /* IndexVBO.cpp in Sources */,
				6BCC1CE4132494F10008B2E7 /* LuaMachine.cpp in Sources */,
				6BCC1CE5132494F10008B2E7 /* ManagedModule.cpp in Sources */,
				6BCC1CE6132494F10008B2E7 /* Module.cpp in Sources */,
				6BCC1CE7132494F10008B2E7 /* Music.cpp in Sources */,
				6BCC1CE8132494F10008B2E7 /* Mutex.cpp in Sources */,
				6BCC1CEA132494F10008B2E7 /* PropertyList.cpp in Sources */,
				6BCC1CEB132494F10008B2E7 /* Shader.cpp in Sources */,
				6BCC1CEC132494F10008B2E7 /* Sound.cpp in Sources */,
				6BCC1CED132494F10008B2E7 /* StopWatch.cpp in Sources */,
				6BCC1CEE132494F10008B2E7 /* Texture.cpp in Sources */,
				6BCC1CEF132494F10008B2E7 /* Texture2D.cpp in Sources */,
				6BCC1CF0132494F10008B2E7 /* Thread.cpp in Sources */,
				6BCC1CF1132494F10008B2E7 /* Tools.cpp in Sources */,
				6BCC1CF2132494F10008B2E7 /* VertexArrayObject.cpp in Sources */,
				6BCC1CF3132494F10008B2E7 /* VertexBufferObject.cpp in Sources */,
				6BCC1CF4132494F10008B2E7 /* VertexShader.cpp in Sources */,
				6BCC1CF5132494F10008B2E7 /* Asteroid.cpp in Sources */,
				6BCC1CF6132494F10008B2E7 /* Entity.cpp in Sources */,
				6BCC1CF7132494F10008B2E7 /* GameModule.cpp in Sources */,
				6BCC1CF8132494F10008B2E7 /* main.cpp in Sources */,
				6BCC1CF9132494F10008B2E7 /* Ship.cpp in Sources */,
				6BCC1CFA132494F10008B2E7 /* GLee.c in Sources */,
				6BCC1CFD132495410008B2E7 /* SDLMain.m in Sources */,
				6BE48D741325CAF5006199E2 /* NetworkStream.cpp in Sources */,
			);
			runOnlyForDeploymentPostprocessing = 0;
		};
/* End PBXSourcesBuildPhase section */

/* Begin XCBuildConfiguration section */
		1DEB923208733DC60010E9CD /* Debug */ = {
			isa = XCBuildConfiguration;
			buildSettings = {
				ALWAYS_SEARCH_USER_PATHS = NO;
				COPY_PHASE_STRIP = NO;
				GCC_DYNAMIC_NO_PIC = NO;
				GCC_ENABLE_FIX_AND_CONTINUE = YES;
				GCC_MODEL_TUNING = G5;
				GCC_OPTIMIZATION_LEVEL = 0;
				INSTALL_PATH = /usr/local/bin;
				PRODUCT_NAME = Nullocity;
			};
			name = Debug;
		};
		1DEB923308733DC60010E9CD /* Release */ = {
			isa = XCBuildConfiguration;
			buildSettings = {
				ALWAYS_SEARCH_USER_PATHS = NO;
				DEBUG_INFORMATION_FORMAT = "dwarf-with-dsym";
				GCC_MODEL_TUNING = G5;
				INSTALL_PATH = /usr/local/bin;
				PRODUCT_NAME = Nullocity;
			};
			name = Release;
		};
		1DEB923608733DC60010E9CD /* Debug */ = {
			isa = XCBuildConfiguration;
			buildSettings = {
				ARCHS = "$(ARCHS_STANDARD_32_64_BIT)";
				GCC_C_LANGUAGE_STANDARD = gnu99;
				GCC_OPTIMIZATION_LEVEL = 0;
				GCC_WARN_ABOUT_RETURN_TYPE = YES;
				GCC_WARN_UNUSED_VARIABLE = YES;
				HEADER_SEARCH_PATHS = (
					/usr/local/include,
					../../source,
					/Library/Frameworks/SDL.framework/Headers,
					/Library/Frameworks/SDL_ttf.framework/Headers,
					/Library/Frameworks/SDL_net.framework/Headers,
					/Library/Frameworks/SDL_mixer.framework/Headers,
					/Library/Frameworks/SDL_image.framework/Headers,
				);
				LIBRARY_SEARCH_PATHS = /usr/local/lib;
				ONLY_ACTIVE_ARCH = YES;
				OTHER_LDFLAGS = "-llua";
				PREBINDING = NO;
				SDKROOT = macosx10.6;
			};
			name = Debug;
		};
		1DEB923708733DC60010E9CD /* Release */ = {
			isa = XCBuildConfiguration;
			buildSettings = {
				ARCHS = "$(ARCHS_STANDARD_32_64_BIT)";
				GCC_C_LANGUAGE_STANDARD = gnu99;
				GCC_WARN_ABOUT_RETURN_TYPE = YES;
				GCC_WARN_UNUSED_VARIABLE = YES;
				HEADER_SEARCH_PATHS = (
					/usr/local/include,
					../../source,
					/Library/Frameworks/SDL.framework/Headers,
					/Library/Frameworks/SDL_ttf.framework/Headers,
					/Library/Frameworks/SDL_net.framework/Headers,
					/Library/Frameworks/SDL_mixer.framework/Headers,
					/Library/Frameworks/SDL_image.framework/Headers,
				);
				LIBRARY_SEARCH_PATHS = /usr/local/lib;
				OTHER_LDFLAGS = "-llua";
				PREBINDING = NO;
				SDKROOT = macosx10.6;
			};
			name = Release;
		};
/* End XCBuildConfiguration section */

/* Begin XCConfigurationList section */
		1DEB923108733DC60010E9CD /* Build configuration list for PBXNativeTarget "Nullocity" */ = {
			isa = XCConfigurationList;
			buildConfigurations = (
				1DEB923208733DC60010E9CD /* Debug */,
				1DEB923308733DC60010E9CD /* Release */,
			);
			defaultConfigurationIsVisible = 0;
			defaultConfigurationName = Release;
		};
		1DEB923508733DC60010E9CD /* Build configuration list for PBXProject "Nullocity" */ = {
			isa = XCConfigurationList;
			buildConfigurations = (
				1DEB923608733DC60010E9CD /* Debug */,
				1DEB923708733DC60010E9CD /* Release */,
			);
			defaultConfigurationIsVisible = 0;
			defaultConfigurationName = Release;
		};
/* End XCConfigurationList section */
	};
	rootObject = 08FB7793FE84155DC02AAC07 /* Project object */;
}
